Microsoft Visual Studio Solution File, Format Version 12.00
# Visual Studio Version 17
VisualStudioVersion = 17.8.34309.116
MinimumVisualStudioVersion = 10.0.40219.1
Project("{FAE04EC0-301F-11D3-BF4B-00C04F79EFBC}") = "southafricantaxtool.API", "southafricantaxtool.API\southafricantaxtool.API.csproj", "{477B2E1F-F3E0-49DD-9942-8B345A4F015C}"
EndProject
Project("{FAE04EC0-301F-11D3-BF4B-00C04F79EFBC}") = "southafricantaxtool.SARSScraper", "southafricantaxtool.SARSScraper\southafricantaxtool.SARSScraper.csproj", "{BF4CE692-F0FA-45B2-B82C-05D899A94C65}"
EndProject
Project("{FAE04EC0-301F-11D3-BF4B-00C04F79EFBC}") = "southafricantaxtool.BL", "southafricantaxtool.BL\southafricantaxtool.BL.csproj", "{2D7D3DB8-3471-4A58-B6CF-7113261CE586}"
EndProject
Project("{FAE04EC0-301F-11D3-BF4B-00C04F79EFBC}") = "southafricantaxtool.SARSWorker", "southafricantaxtool.SARSWorker\southafricantaxtool.SARSWorker.csproj", "{178A95F6-5003-4995-8514-A1C1045629F2}"
EndProject
Project("{FAE04EC0-301F-11D3-BF4B-00C04F79EFBC}") = "southafricantaxtool.DAL", "southafricantaxtool.DAL\southafricantaxtool.DAL.csproj", "{8876AF73-CAEE-43B7-A1C1-FD6C3F65567B}"
EndProject
Project("{FAE04EC0-301F-11D3-BF4B-00C04F79EFBC}") = "southafricantaxtool.Tests", "southafricantaxtool.Tests\southafricantaxtool.Tests.csproj", "{22B30993-BB6E-4F00-8A63-BA61FAEDD23D}"
EndProject
Global
	GlobalSection(SolutionConfigurationPlatforms) = preSolution
		Debug|Any CPU = Debug|Any CPU
		Release|Any CPU = Release|Any CPU
	EndGlobalSection
	GlobalSection(ProjectConfigurationPlatforms) = postSolution
		{477B2E1F-F3E0-49DD-9942-8B345A4F015C}.Debug|Any CPU.ActiveCfg = Debug|Any CPU
		{477B2E1F-F3E0-49DD-9942-8B345A4F015C}.Debug|Any CPU.Build.0 = Debug|Any CPU
		{477B2E1F-F3E0-49DD-9942-8B345A4F015C}.Release|Any CPU.ActiveCfg = Release|Any CPU
		{477B2E1F-F3E0-49DD-9942-8B345A4F015C}.Release|Any CPU.Build.0 = Release|Any CPU
		{BF4CE692-F0FA-45B2-B82C-05D899A94C65}.Debug|Any CPU.ActiveCfg = Debug|Any CPU
		{BF4CE692-F0FA-45B2-B82C-05D899A94C65}.Debug|Any CPU.Build.0 = Debug|Any CPU
		{BF4CE692-F0FA-45B2-B82C-05D899A94C65}.Release|Any CPU.ActiveCfg = Release|Any CPU
		{BF4CE692-F0FA-45B2-B82C-05D899A94C65}.Release|Any CPU.Build.0 = Release|Any CPU
		{2D7D3DB8-3471-4A58-B6CF-7113261CE586}.Debug|Any CPU.ActiveCfg = Debug|Any CPU
		{2D7D3DB8-3471-4A58-B6CF-7113261CE586}.Debug|Any CPU.Build.0 = Debug|Any CPU
		{2D7D3DB8-3471-4A58-B6CF-7113261CE586}.Release|Any CPU.ActiveCfg = Release|Any CPU
		{2D7D3DB8-3471-4A58-B6CF-7113261CE586}.Release|Any CPU.Build.0 = Release|Any CPU
		{178A95F6-5003-4995-8514-A1C1045629F2}.Debug|Any CPU.ActiveCfg = Debug|Any CPU
		{178A95F6-5003-4995-8514-A1C1045629F2}.Debug|Any CPU.Build.0 = Debug|Any CPU
		{178A95F6-5003-4995-8514-A1C1045629F2}.Release|Any CPU.ActiveCfg = Release|Any CPU
		{178A95F6-5003-4995-8514-A1C1045629F2}.Release|Any CPU.Build.0 = Release|Any CPU
		{8876AF73-CAEE-43B7-A1C1-FD6C3F65567B}.Debug|Any CPU.ActiveCfg = Debug|Any CPU
		{8876AF73-CAEE-43B7-A1C1-FD6C3F65567B}.Debug|Any CPU.Build.0 = Debug|Any CPU
		{8876AF73-CAEE-43B7-A1C1-FD6C3F65567B}.Release|Any CPU.ActiveCfg = Release|Any CPU
		{8876AF73-CAEE-43B7-A1C1-FD6C3F65567B}.Release|Any CPU.Build.0 = Release|Any CPU
		{22B30993-BB6E-4F00-8A63-BA61FAEDD23D}.Debug|Any CPU.ActiveCfg = Debug|Any CPU
		{22B30993-BB6E-4F00-8A63-BA61FAEDD23D}.Debug|Any CPU.Build.0 = Debug|Any CPU
		{22B30993-BB6E-4F00-8A63-BA61FAEDD23D}.Release|Any CPU.ActiveCfg = Release|Any CPU
		{22B30993-BB6E-4F00-8A63-BA61FAEDD23D}.Release|Any CPU.Build.0 = Release|Any CPU
	EndGlobalSection
	GlobalSection(SolutionProperties) = preSolution
		HideSolutionNode = FALSE
	EndGlobalSection
	GlobalSection(ExtensibilityGlobals) = postSolution
		SolutionGuid = {39AAD25F-FB87-43A9-8C2E-A609DBC8777F}
	EndGlobalSection
EndGlobal
